
Microsoft Visual Studio Solution File, Format Version 12.00
# Visual Studio Version 17
VisualStudioVersion = 17.8.34322.80
MinimumVisualStudioVersion = 10.0.40219.1
Project("{FAE04EC0-301F-11D3-BF4B-00C04F79EFBC}") = "Otus.Patterns.Homework1", "Otus.Patterns.Homework1\Otus.Patterns.Homework1.csproj", "{6E83891F-5436-4097-B822-45467155D15E}"
EndProject
Global
	GlobalSection(SolutionConfigurationPlatforms) = preSolution
		Debug|Any CPU = Debug|Any CPU
		Release|Any CPU = Release|Any CPU
	EndGlobalSection
	GlobalSection(ProjectConfigurationPlatforms) = postSolution
		{6E83891F-5436-4097-B822-45467155D15E}.Debug|Any CPU.ActiveCfg = Debug|Any CPU
		{6E83891F-5436-4097-B822-45467155D15E}.Debug|Any CPU.Build.0 = Debug|Any CPU
		{6E83891F-5436-4097-B822-45467155D15E}.Release|Any CPU.ActiveCfg = Release|Any CPU
		{6E83891F-5436-4097-B822-45467155D15E}.Release|Any CPU.Build.0 = Release|Any CPU
	EndGlobalSection
	GlobalSection(SolutionProperties) = preSolution
		HideSolutionNode = FALSE
	EndGlobalSection
	GlobalSection(ExtensibilityGlobals) = postSolution
		SolutionGuid = {A7BECE3C-FE67-476D-A5D0-F83BA80B984F}
	EndGlobalSection
EndGlobal
